{
  "name": "4p22-frontend-irina-ugrak",
  "version": "1.0.0",
  "lockfileVersion": 2,
  "requires": true,
  "packages": {
    "": {
      "name": "4p22-frontend-irina-ugrak",
      "version": "1.0.0",
      "license": "ISC",
      "dependencies": {
        "normalize-scss": "^7.0.1",
        "scss-reset": "^1.2.2"
      }
    },
    "node_modules/normalize-scss": {
      "version": "7.0.1",
      "resolved": "https://registry.npmjs.org/normalize-scss/-/normalize-scss-7.0.1.tgz",
      "integrity": "sha512-qj16bWnYs+9/ac29IgGjySg4R5qQTp1lXfm7ApFOZNVBYFY8RZ3f8+XQNDDLHeDtI3Ba7Jj4+LuPgz9v/fne2A=="
    },
    "node_modules/scss-reset": {
      "version": "1.2.2",
      "resolved": "https://registry.npmjs.org/scss-reset/-/scss-reset-1.2.2.tgz",
      "integrity": "sha512-y3QLhXQCiwS5YxYSl4nGQkyIvaCtMm6O8V7clVrIihWQGOEv1IpEpLGpcOWOasizc+DEEMyge1Peu0BCmeu/bg=="
    }
  },
  "dependencies": {
    "normalize-scss": {
      "version": "7.0.1",
      "resolved": "https://registry.npmjs.org/normalize-scss/-/normalize-scss-7.0.1.tgz",
      "integrity": "sha512-qj16bWnYs+9/ac29IgGjySg4R5qQTp1lXfm7ApFOZNVBYFY8RZ3f8+XQNDDLHeDtI3Ba7Jj4+LuPgz9v/fne2A=="
    },
    "scss-reset": {
      "version": "1.2.2",
      "resolved": "https://registry.npmjs.org/scss-reset/-/scss-reset-1.2.2.tgz",
      "integrity": "sha512-y3QLhXQCiwS5YxYSl4nGQkyIvaCtMm6O8V7clVrIihWQGOEv1IpEpLGpcOWOasizc+DEEMyge1Peu0BCmeu/bg=="
    }
  }
}
